// !$*UTF8*$!
{
	archiveVersion = 1;
	classes = {
	};
	objectVersion = 50;
	objects = {

/* Begin PBXBuildFile section */
		04BEA6BFD115A7F5C175617B /* Pods_PotholeMonitorTestUITests.framework in Frameworks */ = {isa = PBXBuildFile; fileRef = 1E3D75CAFE3748963F197DFC /* Pods_PotholeMonitorTestUITests.framework */; };
		84F6D2A221F3083D0035A92D /* GoogleService-Info.plist in Resources */ = {isa = PBXBuildFile; fileRef = 84F6D2A121F3083D0035A92D /* GoogleService-Info.plist */; };
		84F6D2A621F3A1F00035A92D /* PublicMapViewController.swift in Sources */ = {isa = PBXBuildFile; fileRef = 84F6D2A521F3A1F00035A92D /* PublicMapViewController.swift */; };
		888A8D02DF8FBE0A5A0EC852 /* Pods_PotholeMonitorTestTests.framework in Frameworks */ = {isa = PBXBuildFile; fileRef = E21DDF28816702B508D2E442 /* Pods_PotholeMonitorTestTests.framework */; };
		C60CD03F21E76E0600BD9D29 /* CoreLocation.framework in Frameworks */ = {isa = PBXBuildFile; fileRef = C60CD03E21E76E0600BD9D29 /* CoreLocation.framework */; };
		C683CAC421EB2BB70008347C /* AVFoundation.framework in Frameworks */ = {isa = PBXBuildFile; fileRef = C683CAC321EB2BB70008347C /* AVFoundation.framework */; };
		C683CAC621EB2F960008347C /* notification.mp3 in Resources */ = {isa = PBXBuildFile; fileRef = C683CAC521EB2F960008347C /* notification.mp3 */; };
		C683CAC821EB3BEE0008347C /* MenuViewController.swift in Sources */ = {isa = PBXBuildFile; fileRef = C683CAC721EB3BEE0008347C /* MenuViewController.swift */; };
		C683CACA21EB3C020008347C /* MapViewController.swift in Sources */ = {isa = PBXBuildFile; fileRef = C683CAC921EB3C020008347C /* MapViewController.swift */; };
		C6B40C4121E1D7B400DE8D34 /* AppDelegate.swift in Sources */ = {isa = PBXBuildFile; fileRef = C6B40C4021E1D7B400DE8D34 /* AppDelegate.swift */; };
		C6B40C4321E1D7B400DE8D34 /* ViewController.swift in Sources */ = {isa = PBXBuildFile; fileRef = C6B40C4221E1D7B400DE8D34 /* ViewController.swift */; };
		C6B40C4621E1D7B400DE8D34 /* Main.storyboard in Resources */ = {isa = PBXBuildFile; fileRef = C6B40C4421E1D7B400DE8D34 /* Main.storyboard */; };
		C6B40C4821E1D7B900DE8D34 /* Assets.xcassets in Resources */ = {isa = PBXBuildFile; fileRef = C6B40C4721E1D7B900DE8D34 /* Assets.xcassets */; };
		C6B40C4B21E1D7B900DE8D34 /* LaunchScreen.storyboard in Resources */ = {isa = PBXBuildFile; fileRef = C6B40C4921E1D7B900DE8D34 /* LaunchScreen.storyboard */; };
		C6B40C5621E1D7B900DE8D34 /* PotholeMonitorTestTests.swift in Sources */ = {isa = PBXBuildFile; fileRef = C6B40C5521E1D7B900DE8D34 /* PotholeMonitorTestTests.swift */; };
		C6B40C6121E1D7B900DE8D34 /* PotholeMonitorTestUITests.swift in Sources */ = {isa = PBXBuildFile; fileRef = C6B40C6021E1D7B900DE8D34 /* PotholeMonitorTestUITests.swift */; };
		CCC78A6E60C0D73E0ECAC44D /* Pods_PotholeMonitorTest.framework in Frameworks */ = {isa = PBXBuildFile; fileRef = 93765A58AE6B8D20E0A647CB /* Pods_PotholeMonitorTest.framework */; };
/* End PBXBuildFile section */

/* Begin PBXContainerItemProxy section */
		C6B40C5221E1D7B900DE8D34 /* PBXContainerItemProxy */ = {
			isa = PBXContainerItemProxy;
			containerPortal = C6B40C3521E1D7B400DE8D34 /* Project object */;
			proxyType = 1;
			remoteGlobalIDString = C6B40C3C21E1D7B400DE8D34;
			remoteInfo = PotholeMonitorTest;
		};
		C6B40C5D21E1D7B900DE8D34 /* PBXContainerItemProxy */ = {
			isa = PBXContainerItemProxy;
			containerPortal = C6B40C3521E1D7B400DE8D34 /* Project object */;
			proxyType = 1;
			remoteGlobalIDString = C6B40C3C21E1D7B400DE8D34;
			remoteInfo = PotholeMonitorTest;
		};
/* End PBXContainerItemProxy section */

/* Begin PBXFileReference section */
		1E3D75CAFE3748963F197DFC /* Pods_PotholeMonitorTestUITests.framework */ = {isa = PBXFileReference; explicitFileType = wrapper.framework; includeInIndex = 0; path = Pods_PotholeMonitorTestUITests.framework; sourceTree = BUILT_PRODUCTS_DIR; };
		4822169A8C182525A6AD2319 /* Pods-PotholeMonitorTest.release.xcconfig */ = {isa = PBXFileReference; includeInIndex = 1; lastKnownFileType = text.xcconfig; name = "Pods-PotholeMonitorTest.release.xcconfig"; path = "Pods/Target Support Files/Pods-PotholeMonitorTest/Pods-PotholeMonitorTest.release.xcconfig"; sourceTree = "<group>"; };
		7323FBA9CBF397F4983ECAE0 /* Pods-PotholeMonitorTest.debug.xcconfig */ = {isa = PBXFileReference; includeInIndex = 1; lastKnownFileType = text.xcconfig; name = "Pods-PotholeMonitorTest.debug.xcconfig"; path = "Pods/Target Support Files/Pods-PotholeMonitorTest/Pods-PotholeMonitorTest.debug.xcconfig"; sourceTree = "<group>"; };
		84F6D2A121F3083D0035A92D /* GoogleService-Info.plist */ = {isa = PBXFileReference; fileEncoding = 4; lastKnownFileType = text.plist.xml; path = "GoogleService-Info.plist"; sourceTree = "<group>"; };
		84F6D2A521F3A1F00035A92D /* PublicMapViewController.swift */ = {isa = PBXFileReference; lastKnownFileType = sourcecode.swift; path = PublicMapViewController.swift; sourceTree = "<group>"; };
		93765A58AE6B8D20E0A647CB /* Pods_PotholeMonitorTest.framework */ = {isa = PBXFileReference; explicitFileType = wrapper.framework; includeInIndex = 0; path = Pods_PotholeMonitorTest.framework; sourceTree = BUILT_PRODUCTS_DIR; };
		9BFEAD4250065B05CEEA26C9 /* Pods-PotholeMonitorTestTests.debug.xcconfig */ = {isa = PBXFileReference; includeInIndex = 1; lastKnownFileType = text.xcconfig; name = "Pods-PotholeMonitorTestTests.debug.xcconfig"; path = "Pods/Target Support Files/Pods-PotholeMonitorTestTests/Pods-PotholeMonitorTestTests.debug.xcconfig"; sourceTree = "<group>"; };
		A8C7FD6EFF0BDDE3F37365A2 /* Pods-PotholeMonitorTestTests.release.xcconfig */ = {isa = PBXFileReference; includeInIndex = 1; lastKnownFileType = text.xcconfig; name = "Pods-PotholeMonitorTestTests.release.xcconfig"; path = "Pods/Target Support Files/Pods-PotholeMonitorTestTests/Pods-PotholeMonitorTestTests.release.xcconfig"; sourceTree = "<group>"; };
		C60CD03E21E76E0600BD9D29 /* CoreLocation.framework */ = {isa = PBXFileReference; lastKnownFileType = wrapper.framework; name = CoreLocation.framework; path = System/Library/Frameworks/CoreLocation.framework; sourceTree = SDKROOT; };
		C683CAC321EB2BB70008347C /* AVFoundation.framework */ = {isa = PBXFileReference; lastKnownFileType = wrapper.framework; name = AVFoundation.framework; path = System/Library/Frameworks/AVFoundation.framework; sourceTree = SDKROOT; };
		C683CAC521EB2F960008347C /* notification.mp3 */ = {isa = PBXFileReference; lastKnownFileType = audio.mp3; path = notification.mp3; sourceTree = "<group>"; };
		C683CAC721EB3BEE0008347C /* MenuViewController.swift */ = {isa = PBXFileReference; lastKnownFileType = sourcecode.swift; path = MenuViewController.swift; sourceTree = "<group>"; };
		C683CAC921EB3C020008347C /* MapViewController.swift */ = {isa = PBXFileReference; lastKnownFileType = sourcecode.swift; path = MapViewController.swift; sourceTree = "<group>"; };
		C6B40C3D21E1D7B400DE8D34 /* PotholeMonitorTest.app */ = {isa = PBXFileReference; explicitFileType = wrapper.application; includeInIndex = 0; path = PotholeMonitorTest.app; sourceTree = BUILT_PRODUCTS_DIR; };
		C6B40C4021E1D7B400DE8D34 /* AppDelegate.swift */ = {isa = PBXFileReference; lastKnownFileType = sourcecode.swift; path = AppDelegate.swift; sourceTree = "<group>"; };
		C6B40C4221E1D7B400DE8D34 /* ViewController.swift */ = {isa = PBXFileReference; lastKnownFileType = sourcecode.swift; path = ViewController.swift; sourceTree = "<group>"; };
		C6B40C4521E1D7B400DE8D34 /* Base */ = {isa = PBXFileReference; lastKnownFileType = file.storyboard; name = Base; path = Base.lproj/Main.storyboard; sourceTree = "<group>"; };
		C6B40C4721E1D7B900DE8D34 /* Assets.xcassets */ = {isa = PBXFileReference; lastKnownFileType = folder.assetcatalog; path = Assets.xcassets; sourceTree = "<group>"; };
		C6B40C4A21E1D7B900DE8D34 /* Base */ = {isa = PBXFileReference; lastKnownFileType = file.storyboard; name = Base; path = Base.lproj/LaunchScreen.storyboard; sourceTree = "<group>"; };
		C6B40C4C21E1D7B900DE8D34 /* Info.plist */ = {isa = PBXFileReference; lastKnownFileType = text.plist.xml; path = Info.plist; sourceTree = "<group>"; };
		C6B40C5121E1D7B900DE8D34 /* PotholeMonitorTestTests.xctest */ = {isa = PBXFileReference; explicitFileType = wrapper.cfbundle; includeInIndex = 0; path = PotholeMonitorTestTests.xctest; sourceTree = BUILT_PRODUCTS_DIR; };
		C6B40C5521E1D7B900DE8D34 /* PotholeMonitorTestTests.swift */ = {isa = PBXFileReference; lastKnownFileType = sourcecode.swift; path = PotholeMonitorTestTests.swift; sourceTree = "<group>"; };
		C6B40C5721E1D7B900DE8D34 /* Info.plist */ = {isa = PBXFileReference; lastKnownFileType = text.plist.xml; path = Info.plist; sourceTree = "<group>"; };
		C6B40C5C21E1D7B900DE8D34 /* PotholeMonitorTestUITests.xctest */ = {isa = PBXFileReference; explicitFileType = wrapper.cfbundle; includeInIndex = 0; path = PotholeMonitorTestUITests.xctest; sourceTree = BUILT_PRODUCTS_DIR; };
		C6B40C6021E1D7B900DE8D34 /* PotholeMonitorTestUITests.swift */ = {isa = PBXFileReference; lastKnownFileType = sourcecode.swift; path = PotholeMonitorTestUITests.swift; sourceTree = "<group>"; };
		C6B40C6221E1D7B900DE8D34 /* Info.plist */ = {isa = PBXFileReference; lastKnownFileType = text.plist.xml; path = Info.plist; sourceTree = "<group>"; };
		C95C7207B06E8FAC6B7AA308 /* Pods-PotholeMonitorTestUITests.release.xcconfig */ = {isa = PBXFileReference; includeInIndex = 1; lastKnownFileType = text.xcconfig; name = "Pods-PotholeMonitorTestUITests.release.xcconfig"; path = "Pods/Target Support Files/Pods-PotholeMonitorTestUITests/Pods-PotholeMonitorTestUITests.release.xcconfig"; sourceTree = "<group>"; };
		E05092CC8244148712055A9C /* Pods-PotholeMonitorTestUITests.debug.xcconfig */ = {isa = PBXFileReference; includeInIndex = 1; lastKnownFileType = text.xcconfig; name = "Pods-PotholeMonitorTestUITests.debug.xcconfig"; path = "Pods/Target Support Files/Pods-PotholeMonitorTestUITests/Pods-PotholeMonitorTestUITests.debug.xcconfig"; sourceTree = "<group>"; };
		E21DDF28816702B508D2E442 /* Pods_PotholeMonitorTestTests.framework */ = {isa = PBXFileReference; explicitFileType = wrapper.framework; includeInIndex = 0; path = Pods_PotholeMonitorTestTests.framework; sourceTree = BUILT_PRODUCTS_DIR; };
/* End PBXFileReference section */

/* Begin PBXFrameworksBuildPhase section */
		C6B40C3A21E1D7B400DE8D34 /* Frameworks */ = {
			isa = PBXFrameworksBuildPhase;
			buildActionMask = 2147483647;
			files = (
				C683CAC421EB2BB70008347C /* AVFoundation.framework in Frameworks */,
				C60CD03F21E76E0600BD9D29 /* CoreLocation.framework in Frameworks */,
				CCC78A6E60C0D73E0ECAC44D /* Pods_PotholeMonitorTest.framework in Frameworks */,
			);
			runOnlyForDeploymentPostprocessing = 0;
		};
		C6B40C4E21E1D7B900DE8D34 /* Frameworks */ = {
			isa = PBXFrameworksBuildPhase;
			buildActionMask = 2147483647;
			files = (
				888A8D02DF8FBE0A5A0EC852 /* Pods_PotholeMonitorTestTests.framework in Frameworks */,
			);
			runOnlyForDeploymentPostprocessing = 0;
		};
		C6B40C5921E1D7B900DE8D34 /* Frameworks */ = {
			isa = PBXFrameworksBuildPhase;
			buildActionMask = 2147483647;
			files = (
				04BEA6BFD115A7F5C175617B /* Pods_PotholeMonitorTestUITests.framework in Frameworks */,
			);
			runOnlyForDeploymentPostprocessing = 0;
		};
/* End PBXFrameworksBuildPhase section */

/* Begin PBXGroup section */
		7088932823CDD057334D8F00 /* Pods */ = {
			isa = PBXGroup;
			children = (
				7323FBA9CBF397F4983ECAE0 /* Pods-PotholeMonitorTest.debug.xcconfig */,
				4822169A8C182525A6AD2319 /* Pods-PotholeMonitorTest.release.xcconfig */,
				9BFEAD4250065B05CEEA26C9 /* Pods-PotholeMonitorTestTests.debug.xcconfig */,
				A8C7FD6EFF0BDDE3F37365A2 /* Pods-PotholeMonitorTestTests.release.xcconfig */,
				E05092CC8244148712055A9C /* Pods-PotholeMonitorTestUITests.debug.xcconfig */,
				C95C7207B06E8FAC6B7AA308 /* Pods-PotholeMonitorTestUITests.release.xcconfig */,
			);
			name = Pods;
			sourceTree = "<group>";
		};
		C60CD03D21E76E0600BD9D29 /* Frameworks */ = {
			isa = PBXGroup;
			children = (
				C683CAC321EB2BB70008347C /* AVFoundation.framework */,
				C60CD03E21E76E0600BD9D29 /* CoreLocation.framework */,
				93765A58AE6B8D20E0A647CB /* Pods_PotholeMonitorTest.framework */,
				E21DDF28816702B508D2E442 /* Pods_PotholeMonitorTestTests.framework */,
				1E3D75CAFE3748963F197DFC /* Pods_PotholeMonitorTestUITests.framework */,
			);
			name = Frameworks;
			sourceTree = "<group>";
		};
		C6B40C3421E1D7B400DE8D34 = {
			isa = PBXGroup;
			children = (
				C6B40C3F21E1D7B400DE8D34 /* PotholeMonitorTest */,
				C6B40C5421E1D7B900DE8D34 /* PotholeMonitorTestTests */,
				C6B40C5F21E1D7B900DE8D34 /* PotholeMonitorTestUITests */,
				C6B40C3E21E1D7B400DE8D34 /* Products */,
				C60CD03D21E76E0600BD9D29 /* Frameworks */,
				7088932823CDD057334D8F00 /* Pods */,
			);
			sourceTree = "<group>";
		};
		C6B40C3E21E1D7B400DE8D34 /* Products */ = {
			isa = PBXGroup;
			children = (
				C6B40C3D21E1D7B400DE8D34 /* PotholeMonitorTest.app */,
				C6B40C5121E1D7B900DE8D34 /* PotholeMonitorTestTests.xctest */,
				C6B40C5C21E1D7B900DE8D34 /* PotholeMonitorTestUITests.xctest */,
			);
			name = Products;
			sourceTree = "<group>";
		};
		C6B40C3F21E1D7B400DE8D34 /* PotholeMonitorTest */ = {
			isa = PBXGroup;
			children = (
				C6B40C4021E1D7B400DE8D34 /* AppDelegate.swift */,
				C6B40C4221E1D7B400DE8D34 /* ViewController.swift */,
				C683CAC721EB3BEE0008347C /* MenuViewController.swift */,
				C683CAC921EB3C020008347C /* MapViewController.swift */,
				84F6D2A521F3A1F00035A92D /* PublicMapViewController.swift */,
				C6B40C4421E1D7B400DE8D34 /* Main.storyboard */,
				C6B40C4721E1D7B900DE8D34 /* Assets.xcassets */,
				C6B40C4921E1D7B900DE8D34 /* LaunchScreen.storyboard */,
				C683CAC521EB2F960008347C /* notification.mp3 */,
				C6B40C4C21E1D7B900DE8D34 /* Info.plist */,
				84F6D2A121F3083D0035A92D /* GoogleService-Info.plist */,
			);
			path = PotholeMonitorTest;
			sourceTree = "<group>";
		};
		C6B40C5421E1D7B900DE8D34 /* PotholeMonitorTestTests */ = {
			isa = PBXGroup;
			children = (
				C6B40C5521E1D7B900DE8D34 /* PotholeMonitorTestTests.swift */,
				C6B40C5721E1D7B900DE8D34 /* Info.plist */,
			);
			path = PotholeMonitorTestTests;
			sourceTree = "<group>";
		};
		C6B40C5F21E1D7B900DE8D34 /* PotholeMonitorTestUITests */ = {
			isa = PBXGroup;
			children = (
				C6B40C6021E1D7B900DE8D34 /* PotholeMonitorTestUITests.swift */,
				C6B40C6221E1D7B900DE8D34 /* Info.plist */,
			);
			path = PotholeMonitorTestUITests;
			sourceTree = "<group>";
		};
/* End PBXGroup section */

/* Begin PBXNativeTarget section */
		C6B40C3C21E1D7B400DE8D34 /* PotholeMonitorTest */ = {
			isa = PBXNativeTarget;
			buildConfigurationList = C6B40C6521E1D7B900DE8D34 /* Build configuration list for PBXNativeTarget "PotholeMonitorTest" */;
			buildPhases = (
				1412D3A602CA65C008798B6A /* [CP] Check Pods Manifest.lock */,
				C6B40C3921E1D7B400DE8D34 /* Sources */,
				C6B40C3A21E1D7B400DE8D34 /* Frameworks */,
				C6B40C3B21E1D7B400DE8D34 /* Resources */,
				67C6786343411321331172E5 /* [CP] Copy Pods Resources */,
				C4D3A93C5E5A140CF49C68A4 /* [CP] Embed Pods Frameworks */,
			);
			buildRules = (
			);
			dependencies = (
			);
			name = PotholeMonitorTest;
			productName = PotholeMonitorTest;
			productReference = C6B40C3D21E1D7B400DE8D34 /* PotholeMonitorTest.app */;
			productType = "com.apple.product-type.application";
		};
		C6B40C5021E1D7B900DE8D34 /* PotholeMonitorTestTests */ = {
			isa = PBXNativeTarget;
			buildConfigurationList = C6B40C6821E1D7B900DE8D34 /* Build configuration list for PBXNativeTarget "PotholeMonitorTestTests" */;
			buildPhases = (
				3A95D6CF1DF0708D0F717B2B /* [CP] Check Pods Manifest.lock */,
				C6B40C4D21E1D7B900DE8D34 /* Sources */,
				C6B40C4E21E1D7B900DE8D34 /* Frameworks */,
				C6B40C4F21E1D7B900DE8D34 /* Resources */,
			);
			buildRules = (
			);
			dependencies = (
				C6B40C5321E1D7B900DE8D34 /* PBXTargetDependency */,
			);
			name = PotholeMonitorTestTests;
			productName = PotholeMonitorTestTests;
			productReference = C6B40C5121E1D7B900DE8D34 /* PotholeMonitorTestTests.xctest */;
			productType = "com.apple.product-type.bundle.unit-test";
		};
		C6B40C5B21E1D7B900DE8D34 /* PotholeMonitorTestUITests */ = {
			isa = PBXNativeTarget;
			buildConfigurationList = C6B40C6B21E1D7B900DE8D34 /* Build configuration list for PBXNativeTarget "PotholeMonitorTestUITests" */;
			buildPhases = (
				891C535DE85C84F697936007 /* [CP] Check Pods Manifest.lock */,
				C6B40C5821E1D7B900DE8D34 /* Sources */,
				C6B40C5921E1D7B900DE8D34 /* Frameworks */,
				C6B40C5A21E1D7B900DE8D34 /* Resources */,
			);
			buildRules = (
			);
			dependencies = (
				C6B40C5E21E1D7B900DE8D34 /* PBXTargetDependency */,
			);
			name = PotholeMonitorTestUITests;
			productName = PotholeMonitorTestUITests;
			productReference = C6B40C5C21E1D7B900DE8D34 /* PotholeMonitorTestUITests.xctest */;
			productType = "com.apple.product-type.bundle.ui-testing";
		};
/* End PBXNativeTarget section */

/* Begin PBXProject section */
		C6B40C3521E1D7B400DE8D34 /* Project object */ = {
			isa = PBXProject;
			attributes = {
				LastSwiftUpdateCheck = 1010;
				LastUpgradeCheck = 1010;
				ORGANIZATIONNAME = GG;
				TargetAttributes = {
					C6B40C3C21E1D7B400DE8D34 = {
						CreatedOnToolsVersion = 10.1;
						SystemCapabilities = {
							com.apple.Keychain = {
								enabled = 0;
							};
						};
					};
					C6B40C5021E1D7B900DE8D34 = {
						CreatedOnToolsVersion = 10.1;
						TestTargetID = C6B40C3C21E1D7B400DE8D34;
					};
					C6B40C5B21E1D7B900DE8D34 = {
						CreatedOnToolsVersion = 10.1;
						TestTargetID = C6B40C3C21E1D7B400DE8D34;
					};
				};
			};
			buildConfigurationList = C6B40C3821E1D7B400DE8D34 /* Build configuration list for PBXProject "PotholeMonitorTest" */;
			compatibilityVersion = "Xcode 9.3";
			developmentRegion = en;
			hasScannedForEncodings = 0;
			knownRegions = (
				en,
				Base,
			);
			mainGroup = C6B40C3421E1D7B400DE8D34;
			productRefGroup = C6B40C3E21E1D7B400DE8D34 /* Products */;
			projectDirPath = "";
			projectRoot = "";
			targets = (
				C6B40C3C21E1D7B400DE8D34 /* PotholeMonitorTest */,
				C6B40C5021E1D7B900DE8D34 /* PotholeMonitorTestTests */,
				C6B40C5B21E1D7B900DE8D34 /* PotholeMonitorTestUITests */,
			);
		};
/* End PBXProject section */

/* Begin PBXResourcesBuildPhase section */
		C6B40C3B21E1D7B400DE8D34 /* Resources */ = {
			isa = PBXResourcesBuildPhase;
			buildActionMask = 2147483647;
			files = (
				C683CAC621EB2F960008347C /* notification.mp3 in Resources */,
				C6B40C4B21E1D7B900DE8D34 /* LaunchScreen.storyboard in Resources */,
				84F6D2A221F3083D0035A92D /* GoogleService-Info.plist in Resources */,
				C6B40C4821E1D7B900DE8D34 /* Assets.xcassets in Resources */,
				C6B40C4621E1D7B400DE8D34 /* Main.storyboard in Resources */,
			);
			runOnlyForDeploymentPostprocessing = 0;
		};
		C6B40C4F21E1D7B900DE8D34 /* Resources */ = {
			isa = PBXResourcesBuildPhase;
			buildActionMask = 2147483647;
			files = (
			);
			runOnlyForDeploymentPostprocessing = 0;
		};
		C6B40C5A21E1D7B900DE8D34 /* Resources */ = {
			isa = PBXResourcesBuildPhase;
			buildActionMask = 2147483647;
			files = (
			);
			runOnlyForDeploymentPostprocessing = 0;
		};
/* End PBXResourcesBuildPhase section */

/* Begin PBXShellScriptBuildPhase section */
		1412D3A602CA65C008798B6A /* [CP] Check Pods Manifest.lock */ = {
			isa = PBXShellScriptBuildPhase;
			buildActionMask = 2147483647;
			files = (
			);
			inputFileListPaths = (
			);
			inputPaths = (
				"${PODS_PODFILE_DIR_PATH}/Podfile.lock",
				"${PODS_ROOT}/Manifest.lock",
			);
			name = "[CP] Check Pods Manifest.lock";
			outputFileListPaths = (
			);
			outputPaths = (
				"$(DERIVED_FILE_DIR)/Pods-PotholeMonitorTest-checkManifestLockResult.txt",
			);
			runOnlyForDeploymentPostprocessing = 0;
			shellPath = /bin/sh;
			shellScript = "diff \"${PODS_PODFILE_DIR_PATH}/Podfile.lock\" \"${PODS_ROOT}/Manifest.lock\" > /dev/null\nif [ $? != 0 ] ; then\n    # print error to STDERR\n    echo \"error: The sandbox is not in sync with the Podfile.lock. Run 'pod install' or update your CocoaPods installation.\" >&2\n    exit 1\nfi\n# This output is used by Xcode 'outputs' to avoid re-running this script phase.\necho \"SUCCESS\" > \"${SCRIPT_OUTPUT_FILE_0}\"\n";
			showEnvVarsInLog = 0;
		};
		3A95D6CF1DF0708D0F717B2B /* [CP] Check Pods Manifest.lock */ = {
			isa = PBXShellScriptBuildPhase;
			buildActionMask = 2147483647;
			files = (
			);
			inputFileListPaths = (
			);
			inputPaths = (
				"${PODS_PODFILE_DIR_PATH}/Podfile.lock",
				"${PODS_ROOT}/Manifest.lock",
			);
			name = "[CP] Check Pods Manifest.lock";
			outputFileListPaths = (
			);
			outputPaths = (
				"$(DERIVED_FILE_DIR)/Pods-PotholeMonitorTestTests-checkManifestLockResult.txt",
			);
			runOnlyForDeploymentPostprocessing = 0;
			shellPath = /bin/sh;
			shellScript = "diff \"${PODS_PODFILE_DIR_PATH}/Podfile.lock\" \"${PODS_ROOT}/Manifest.lock\" > /dev/null\nif [ $? != 0 ] ; then\n    # print error to STDERR\n    echo \"error: The sandbox is not in sync with the Podfile.lock. Run 'pod install' or update your CocoaPods installation.\" >&2\n    exit 1\nfi\n# This output is used by Xcode 'outputs' to avoid re-running this script phase.\necho \"SUCCESS\" > \"${SCRIPT_OUTPUT_FILE_0}\"\n";
			showEnvVarsInLog = 0;
		};
		67C6786343411321331172E5 /* [CP] Copy Pods Resources */ = {
			isa = PBXShellScriptBuildPhase;
			buildActionMask = 2147483647;
			files = (
			);
			inputFileListPaths = (
			);
			inputPaths = (
				"${SRCROOT}/Pods/Target Support Files/Pods-PotholeMonitorTest/Pods-PotholeMonitorTest-resources.sh",
				"${PODS_ROOT}/GoogleMaps/Maps/Frameworks/GoogleMaps.framework/Resources/GoogleMaps.bundle",
				"${PODS_ROOT}/GooglePlacePicker/Frameworks/GooglePlacePicker.framework/Resources/GooglePlacePicker.bundle",
				"${PODS_ROOT}/GooglePlaces/Frameworks/GooglePlaces.framework/Resources/GooglePlaces.bundle",
			);
			name = "[CP] Copy Pods Resources";
			outputFileListPaths = (
			);
			outputPaths = (
				"${TARGET_BUILD_DIR}/${UNLOCALIZED_RESOURCES_FOLDER_PATH}/GoogleMaps.bundle",
				"${TARGET_BUILD_DIR}/${UNLOCALIZED_RESOURCES_FOLDER_PATH}/GooglePlacePicker.bundle",
				"${TARGET_BUILD_DIR}/${UNLOCALIZED_RESOURCES_FOLDER_PATH}/GooglePlaces.bundle",
			);
			runOnlyForDeploymentPostprocessing = 0;
			shellPath = /bin/sh;
			shellScript = "\"${SRCROOT}/Pods/Target Support Files/Pods-PotholeMonitorTest/Pods-PotholeMonitorTest-resources.sh\"\n";
			showEnvVarsInLog = 0;
		};
		891C535DE85C84F697936007 /* [CP] Check Pods Manifest.lock */ = {
			isa = PBXShellScriptBuildPhase;
			buildActionMask = 2147483647;
			files = (
			);
			inputFileListPaths = (
			);
			inputPaths = (
				"${PODS_PODFILE_DIR_PATH}/Podfile.lock",
				"${PODS_ROOT}/Manifest.lock",
			);
			name = "[CP] Check Pods Manifest.lock";
			outputFileListPaths = (
			);
			outputPaths = (
				"$(DERIVED_FILE_DIR)/Pods-PotholeMonitorTestUITests-checkManifestLockResult.txt",
			);
			runOnlyForDeploymentPostprocessing = 0;
			shellPath = /bin/sh;
			shellScript = "diff \"${PODS_PODFILE_DIR_PATH}/Podfile.lock\" \"${PODS_ROOT}/Manifest.lock\" > /dev/null\nif [ $? != 0 ] ; then\n    # print error to STDERR\n    echo \"error: The sandbox is not in sync with the Podfile.lock. Run 'pod install' or update your CocoaPods installation.\" >&2\n    exit 1\nfi\n# This output is used by Xcode 'outputs' to avoid re-running this script phase.\necho \"SUCCESS\" > \"${SCRIPT_OUTPUT_FILE_0}\"\n";
			showEnvVarsInLog = 0;
		};
		C4D3A93C5E5A140CF49C68A4 /* [CP] Embed Pods Frameworks */ = {
			isa = PBXShellScriptBuildPhase;
			buildActionMask = 2147483647;
			files = (
			);
			inputFileListPaths = (
			);
			inputPaths = (
				"${SRCROOT}/Pods/Target Support Files/Pods-PotholeMonitorTest/Pods-PotholeMonitorTest-frameworks.sh",
				"${BUILT_PRODUCTS_DIR}/GoogleUtilities/GoogleUtilities.framework",
				"${BUILT_PRODUCTS_DIR}/MDFInternationalization/MDFInternationalization.framework",
				"${BUILT_PRODUCTS_DIR}/MDFTextAccessibility/MDFTextAccessibility.framework",
				"${BUILT_PRODUCTS_DIR}/MaterialComponents/MaterialComponents.framework",
				"${BUILT_PRODUCTS_DIR}/leveldb-library/leveldb.framework",
				"${BUILT_PRODUCTS_DIR}/nanopb/nanopb.framework",
			);
			name = "[CP] Embed Pods Frameworks";
			outputFileListPaths = (
			);
			outputPaths = (
				"${TARGET_BUILD_DIR}/${FRAMEWORKS_FOLDER_PATH}/GoogleUtilities.framework",
				"${TARGET_BUILD_DIR}/${FRAMEWORKS_FOLDER_PATH}/MDFInternationalization.framework",
				"${TARGET_BUILD_DIR}/${FRAMEWORKS_FOLDER_PATH}/MDFTextAccessibility.framework",
				"${TARGET_BUILD_DIR}/${FRAMEWORKS_FOLDER_PATH}/MaterialComponents.framework",
				"${TARGET_BUILD_DIR}/${FRAMEWORKS_FOLDER_PATH}/leveldb.framework",
				"${TARGET_BUILD_DIR}/${FRAMEWORKS_FOLDER_PATH}/nanopb.framework",
			);
			runOnlyForDeploymentPostprocessing = 0;
			shellPath = /bin/sh;
			shellScript = "\"${SRCROOT}/Pods/Target Support Files/Pods-PotholeMonitorTest/Pods-PotholeMonitorTest-frameworks.sh\"\n";
			showEnvVarsInLog = 0;
		};
/* End PBXShellScriptBuildPhase section */

/* Begin PBXSourcesBuildPhase section */
		C6B40C3921E1D7B400DE8D34 /* Sources */ = {
			isa = PBXSourcesBuildPhase;
			buildActionMask = 2147483647;
			files = (
				C6B40C4321E1D7B400DE8D34 /* ViewController.swift in Sources */,
				84F6D2A621F3A1F00035A92D /* PublicMapViewController.swift in Sources */,
				C683CAC821EB3BEE0008347C /* MenuViewController.swift in Sources */,
				C6B40C4121E1D7B400DE8D34 /* AppDelegate.swift in Sources */,
				C683CACA21EB3C020008347C /* MapViewController.swift in Sources */,
			);
			runOnlyForDeploymentPostprocessing = 0;
		};
		C6B40C4D21E1D7B900DE8D34 /* Sources */ = {
			isa = PBXSourcesBuildPhase;
			buildActionMask = 2147483647;
			files = (
				C6B40C5621E1D7B900DE8D34 /* PotholeMonitorTestTests.swift in Sources */,
			);
			runOnlyForDeploymentPostprocessing = 0;
		};
		C6B40C5821E1D7B900DE8D34 /* Sources */ = {
			isa = PBXSourcesBuildPhase;
			buildActionMask = 2147483647;
			files = (
				C6B40C6121E1D7B900DE8D34 /* PotholeMonitorTestUITests.swift in Sources */,
			);
			runOnlyForDeploymentPostprocessing = 0;
		};
/* End PBXSourcesBuildPhase section */

/* Begin PBXTargetDependency section */
		C6B40C5321E1D7B900DE8D34 /* PBXTargetDependency */ = {
			isa = PBXTargetDependency;
			target = C6B40C3C21E1D7B400DE8D34 /* PotholeMonitorTest */;
			targetProxy = C6B40C5221E1D7B900DE8D34 /* PBXContainerItemProxy */;
		};
		C6B40C5E21E1D7B900DE8D34 /* PBXTargetDependency */ = {
			isa = PBXTargetDependency;
			target = C6B40C3C21E1D7B400DE8D34 /* PotholeMonitorTest */;
			targetProxy = C6B40C5D21E1D7B900DE8D34 /* PBXContainerItemProxy */;
		};
/* End PBXTargetDependency section */

/* Begin PBXVariantGroup section */
		C6B40C4421E1D7B400DE8D34 /* Main.storyboard */ = {
			isa = PBXVariantGroup;
			children = (
				C6B40C4521E1D7B400DE8D34 /* Base */,
			);
			name = Main.storyboard;
			sourceTree = "<group>";
		};
		C6B40C4921E1D7B900DE8D34 /* LaunchScreen.storyboard */ = {
			isa = PBXVariantGroup;
			children = (
				C6B40C4A21E1D7B900DE8D34 /* Base */,
			);
			name = LaunchScreen.storyboard;
			sourceTree = "<group>";
		};
/* End PBXVariantGroup section */

/* Begin XCBuildConfiguration section */
		C6B40C6321E1D7B900DE8D34 /* Debug */ = {
			isa = XCBuildConfiguration;
			buildSettings = {
				ALWAYS_SEARCH_USER_PATHS = NO;
				CLANG_ANALYZER_NONNULL = YES;
				CLANG_ANALYZER_NUMBER_OBJECT_CONVERSION = YES_AGGRESSIVE;
				CLANG_CXX_LANGUAGE_STANDARD = "gnu++14";
				CLANG_CXX_LIBRARY = "libc++";
				CLANG_ENABLE_MODULES = YES;
				CLANG_ENABLE_OBJC_ARC = YES;
				CLANG_ENABLE_OBJC_WEAK = YES;
				CLANG_WARN_BLOCK_CAPTURE_AUTORELEASING = YES;
				CLANG_WARN_BOOL_CONVERSION = YES;
				CLANG_WARN_COMMA = YES;
				CLANG_WARN_CONSTANT_CONVERSION = YES;
				CLANG_WARN_DEPRECATED_OBJC_IMPLEMENTATIONS = YES;
				CLANG_WARN_DIRECT_OBJC_ISA_USAGE = YES_ERROR;
				CLANG_WARN_DOCUMENTATION_COMMENTS = YES;
				CLANG_WARN_EMPTY_BODY = YES;
				CLANG_WARN_ENUM_CONVERSION = YES;
				CLANG_WARN_INFINITE_RECURSION = YES;
				CLANG_WARN_INT_CONVERSION = YES;
				CLANG_WARN_NON_LITERAL_NULL_CONVERSION = YES;
				CLANG_WARN_OBJC_IMPLICIT_RETAIN_SELF = YES;
				CLANG_WARN_OBJC_LITERAL_CONVERSION = YES;
				CLANG_WARN_OBJC_ROOT_CLASS = YES_ERROR;
				CLANG_WARN_RANGE_LOOP_ANALYSIS = YES;
				CLANG_WARN_STRICT_PROTOTYPES = YES;
				CLANG_WARN_SUSPICIOUS_MOVE = YES;
				CLANG_WARN_UNGUARDED_AVAILABILITY = YES_AGGRESSIVE;
				CLANG_WARN_UNREACHABLE_CODE = YES;
				CLANG_WARN__DUPLICATE_METHOD_MATCH = YES;
				CODE_SIGN_IDENTITY = "iPhone Developer";
				COPY_PHASE_STRIP = NO;
				DEBUG_INFORMATION_FORMAT = dwarf;
				ENABLE_STRICT_OBJC_MSGSEND = YES;
				ENABLE_TESTABILITY = YES;
				GCC_C_LANGUAGE_STANDARD = gnu11;
				GCC_DYNAMIC_NO_PIC = NO;
				GCC_NO_COMMON_BLOCKS = YES;
				GCC_OPTIMIZATION_LEVEL = 0;
				GCC_PREPROCESSOR_DEFINITIONS = (
					"DEBUG=1",
					"$(inherited)",
				);
				GCC_WARN_64_TO_32_BIT_CONVERSION = YES;
				GCC_WARN_ABOUT_RETURN_TYPE = YES_ERROR;
				GCC_WARN_UNDECLARED_SELECTOR = YES;
				GCC_WARN_UNINITIALIZED_AUTOS = YES_AGGRESSIVE;
				GCC_WARN_UNUSED_FUNCTION = YES;
				GCC_WARN_UNUSED_VARIABLE = YES;
				IPHONEOS_DEPLOYMENT_TARGET = 12.1;
				MTL_ENABLE_DEBUG_INFO = INCLUDE_SOURCE;
				MTL_FAST_MATH = YES;
				ONLY_ACTIVE_ARCH = YES;
				SDKROOT = iphoneos;
				SWIFT_ACTIVE_COMPILATION_CONDITIONS = DEBUG;
				SWIFT_OPTIMIZATION_LEVEL = "-Onone";
			};
			name = Debug;
		};
		C6B40C6421E1D7B900DE8D34 /* Release */ = {
			isa = XCBuildConfiguration;
			buildSettings = {
				ALWAYS_SEARCH_USER_PATHS = NO;
				CLANG_ANALYZER_NONNULL = YES;
				CLANG_ANALYZER_NUMBER_OBJECT_CONVERSION = YES_AGGRESSIVE;
				CLANG_CXX_LANGUAGE_STANDARD = "gnu++14";
				CLANG_CXX_LIBRARY = "libc++";
				CLANG_ENABLE_MODULES = YES;
				CLANG_ENABLE_OBJC_ARC = YES;
				CLANG_ENABLE_OBJC_WEAK = YES;
				CLANG_WARN_BLOCK_CAPTURE_AUTORELEASING = YES;
				CLANG_WARN_BOOL_CONVERSION = YES;
				CLANG_WARN_COMMA = YES;
				CLANG_WARN_CONSTANT_CONVERSION = YES;
				CLANG_WARN_DEPRECATED_OBJC_IMPLEMENTATIONS = YES;
				CLANG_WARN_DIRECT_OBJC_ISA_USAGE = YES_ERROR;
				CLANG_WARN_DOCUMENTATION_COMMENTS = YES;
				CLANG_WARN_EMPTY_BODY = YES;
				CLANG_WARN_ENUM_CONVERSION = YES;
				CLANG_WARN_INFINITE_RECURSION = YES;
				CLANG_WARN_INT_CONVERSION = YES;
				CLANG_WARN_NON_LITERAL_NULL_CONVERSION = YES;
				CLANG_WARN_OBJC_IMPLICIT_RETAIN_SELF = YES;
				CLANG_WARN_OBJC_LITERAL_CONVERSION = YES;
				CLANG_WARN_OBJC_ROOT_CLASS = YES_ERROR;
				CLANG_WARN_RANGE_LOOP_ANALYSIS = YES;
				CLANG_WARN_STRICT_PROTOTYPES = YES;
				CLANG_WARN_SUSPICIOUS_MOVE = YES;
				CLANG_WARN_UNGUARDED_AVAILABILITY = YES_AGGRESSIVE;
				CLANG_WARN_UNREACHABLE_CODE = YES;
				CLANG_WARN__DUPLICATE_METHOD_MATCH = YES;
				CODE_SIGN_IDENTITY = "iPhone Developer";
				COPY_PHASE_STRIP = NO;
				DEBUG_INFORMATION_FORMAT = "dwarf-with-dsym";
				ENABLE_NS_ASSERTIONS = NO;
				ENABLE_STRICT_OBJC_MSGSEND = YES;
				GCC_C_LANGUAGE_STANDARD = gnu11;
				GCC_NO_COMMON_BLOCKS = YES;
				GCC_WARN_64_TO_32_BIT_CONVERSION = YES;
				GCC_WARN_ABOUT_RETURN_TYPE = YES_ERROR;
				GCC_WARN_UNDECLARED_SELECTOR = YES;
				GCC_WARN_UNINITIALIZED_AUTOS = YES_AGGRESSIVE;
				GCC_WARN_UNUSED_FUNCTION = YES;
				GCC_WARN_UNUSED_VARIABLE = YES;
				IPHONEOS_DEPLOYMENT_TARGET = 12.1;
				MTL_ENABLE_DEBUG_INFO = NO;
				MTL_FAST_MATH = YES;
				SDKROOT = iphoneos;
				SWIFT_COMPILATION_MODE = wholemodule;
				SWIFT_OPTIMIZATION_LEVEL = "-O";
				VALIDATE_PRODUCT = YES;
			};
			name = Release;
		};
		C6B40C6621E1D7B900DE8D34 /* Debug */ = {
			isa = XCBuildConfiguration;
			baseConfigurationReference = 7323FBA9CBF397F4983ECAE0 /* Pods-PotholeMonitorTest.debug.xcconfig */;
			buildSettings = {
				ASSETCATALOG_COMPILER_APPICON_NAME = AppIcon;
				CODE_SIGN_STYLE = Automatic;
				DEVELOPMENT_TEAM = FV6HV933BC;
				INFOPLIST_FILE = PotholeMonitorTest/Info.plist;
				LD_RUNPATH_SEARCH_PATHS = (
					"$(inherited)",
					"@executable_path/Frameworks",
				);
				PRODUCT_BUNDLE_IDENTIFIER = GG.PotholeMonitorTest;
				PRODUCT_NAME = "$(TARGET_NAME)";
				SWIFT_VERSION = 4.2;
				TARGETED_DEVICE_FAMILY = "1,2";
			};
			name = Debug;
		};
		C6B40C6721E1D7B900DE8D34 /* Release */ = {
			isa = XCBuildConfiguration;
			baseConfigurationReference = 4822169A8C182525A6AD2319 /* Pods-PotholeMonitorTest.release.xcconfig */;
			buildSettings = {
				ASSETCATALOG_COMPILER_APPICON_NAME = AppIcon;
				CODE_SIGN_STYLE = Automatic;
				DEVELOPMENT_TEAM = FV6HV933BC;
				INFOPLIST_FILE = PotholeMonitorTest/Info.plist;
				LD_RUNPATH_SEARCH_PATHS = (
					"$(inherited)",
					"@executable_path/Frameworks",
				);
				PRODUCT_BUNDLE_IDENTIFIER = GG.PotholeMonitorTest;
				PRODUCT_NAME = "$(TARGET_NAME)";
				SWIFT_VERSION = 4.2;
				TARGETED_DEVICE_FAMILY = "1,2";
			};
			name = Release;
		};
		C6B40C6921E1D7B900DE8D34 /* Debug */ = {
			isa = XCBuildConfiguration;
			baseConfigurationReference = 9BFEAD4250065B05CEEA26C9 /* Pods-PotholeMonitorTestTests.debug.xcconfig */;
			buildSettings = {
				ALWAYS_EMBED_SWIFT_STANDARD_LIBRARIES = YES;
				BUNDLE_LOADER = "$(TEST_HOST)";
				CODE_SIGN_STYLE = Automatic;
				INFOPLIST_FILE = PotholeMonitorTestTests/Info.plist;
				LD_RUNPATH_SEARCH_PATHS = (
					"$(inherited)",
					"@executable_path/Frameworks",
					"@loader_path/Frameworks",
				);
				PRODUCT_BUNDLE_IDENTIFIER = GG.PotholeMonitorTestTests;
				PRODUCT_NAME = "$(TARGET_NAME)";
				SWIFT_VERSION = 4.2;
				TARGETED_DEVICE_FAMILY = "1,2";
				TEST_HOST = "$(BUILT_PRODUCTS_DIR)/PotholeMonitorTest.app/PotholeMonitorTest";
			};
			name = Debug;
		};
		C6B40C6A21E1D7B900DE8D34 /* Release */ = {
			isa = XCBuildConfiguration;
			baseConfigurationReference = A8C7FD6EFF0BDDE3F37365A2 /* Pods-PotholeMonitorTestTests.release.xcconfig */;
			buildSettings = {
				ALWAYS_EMBED_SWIFT_STANDARD_LIBRARIES = YES;
				BUNDLE_LOADER = "$(TEST_HOST)";
				CODE_SIGN_STYLE = Automatic;
				INFOPLIST_FILE = PotholeMonitorTestTests/Info.plist;
				LD_RUNPATH_SEARCH_PATHS = (
					"$(inherited)",
					"@executable_path/Frameworks",
					"@loader_path/Frameworks",
				);
				PRODUCT_BUNDLE_IDENTIFIER = GG.PotholeMonitorTestTests;
				PRODUCT_NAME = "$(TARGET_NAME)";
				SWIFT_VERSION = 4.2;
				TARGETED_DEVICE_FAMILY = "1,2";
				TEST_HOST = "$(BUILT_PRODUCTS_DIR)/PotholeMonitorTest.app/PotholeMonitorTest";
			};
			name = Release;
		};
		C6B40C6C21E1D7B900DE8D34 /* Debug */ = {
			isa = XCBuildConfiguration;
			baseConfigurationReference = E05092CC8244148712055A9C /* Pods-PotholeMonitorTestUITests.debug.xcconfig */;
			buildSettings = {
				ALWAYS_EMBED_SWIFT_STANDARD_LIBRARIES = YES;
				CODE_SIGN_STYLE = Automatic;
				INFOPLIST_FILE = PotholeMonitorTestUITests/Info.plist;
				LD_RUNPATH_SEARCH_PATHS = (
					"$(inherited)",
					"@executable_path/Frameworks",
					"@loader_path/Frameworks",
				);
				PRODUCT_BUNDLE_IDENTIFIER = GG.PotholeMonitorTestUITests;
				PRODUCT_NAME = "$(TARGET_NAME)";
				SWIFT_VERSION = 4.2;
				TARGETED_DEVICE_FAMILY = "1,2";
				TEST_TARGET_NAME = PotholeMonitorTest;
			};
			name = Debug;
		};
		C6B40C6D21E1D7B900DE8D34 /* Release */ = {
			isa = XCBuildConfiguration;
			baseConfigurationReference = C95C7207B06E8FAC6B7AA308 /* Pods-PotholeMonitorTestUITests.release.xcconfig */;
			buildSettings = {
				ALWAYS_EMBED_SWIFT_STANDARD_LIBRARIES = YES;
				CODE_SIGN_STYLE = Automatic;
				INFOPLIST_FILE = PotholeMonitorTestUITests/Info.plist;
				LD_RUNPATH_SEARCH_PATHS = (
					"$(inherited)",
					"@executable_path/Frameworks",
					"@loader_path/Frameworks",
				);
				PRODUCT_BUNDLE_IDENTIFIER = GG.PotholeMonitorTestUITests;
				PRODUCT_NAME = "$(TARGET_NAME)";
				SWIFT_VERSION = 4.2;
				TARGETED_DEVICE_FAMILY = "1,2";
				TEST_TARGET_NAME = PotholeMonitorTest;
			};
			name = Release;
		};
/* End XCBuildConfiguration section */

/* Begin XCConfigurationList section */
		C6B40C3821E1D7B400DE8D34 /* Build configuration list for PBXProject "PotholeMonitorTest" */ = {
			isa = XCConfigurationList;
			buildConfigurations = (
				C6B40C6321E1D7B900DE8D34 /* Debug */,
				C6B40C6421E1D7B900DE8D34 /* Release */,
			);
			defaultConfigurationIsVisible = 0;
			defaultConfigurationName = Release;
		};
		C6B40C6521E1D7B900DE8D34 /* Build configuration list for PBXNativeTarget "PotholeMonitorTest" */ = {
			isa = XCConfigurationList;
			buildConfigurations = (
				C6B40C6621E1D7B900DE8D34 /* Debug */,
				C6B40C6721E1D7B900DE8D34 /* Release */,
			);
			defaultConfigurationIsVisible = 0;
			defaultConfigurationName = Release;
		};
		C6B40C6821E1D7B900DE8D34 /* Build configuration list for PBXNativeTarget "PotholeMonitorTestTests" */ = {
			isa = XCConfigurationList;
			buildConfigurations = (
				C6B40C6921E1D7B900DE8D34 /* Debug */,
				C6B40C6A21E1D7B900DE8D34 /* Release */,
			);
			defaultConfigurationIsVisible = 0;
			defaultConfigurationName = Release;
		};
		C6B40C6B21E1D7B900DE8D34 /* Build configuration list for PBXNativeTarget "PotholeMonitorTestUITests" */ = {
			isa = XCConfigurationList;
			buildConfigurations = (
				C6B40C6C21E1D7B900DE8D34 /* Debug */,
				C6B40C6D21E1D7B900DE8D34 /* Release */,
			);
			defaultConfigurationIsVisible = 0;
			defaultConfigurationName = Release;
		};
/* End XCConfigurationList section */
	};
	rootObject = C6B40C3521E1D7B400DE8D34 /* Project object */;
}
